
Microsoft Visual Studio Solution File, Format Version 12.00
# Visual Studio Version 18
VisualStudioVersion = 18.1.11312.151
MinimumVisualStudioVersion = 10.0.40219.1
Project("{2150E333-8FDC-42A3-9474-1A3956D46DE8}") = "src", "src", "{827E0CD3-B72D-47B6-A68D-7590B98EB39B}"
EndProject
Project("{FAE04EC0-301F-11D3-BF4B-00C04F79EFBC}") = "Contracts", "src\Contracts\Contracts.csproj", "{5F6CF8BE-8D63-4D44-B039-4FBEC7A29C60}"
EndProject
Project("{FAE04EC0-301F-11D3-BF4B-00C04F79EFBC}") = "Shared.Kernel", "src\Shared.Kernel\Shared.Kernel.csproj", "{BCAE37E9-FBD0-42DE-A37C-A6F0DC5CB856}"
EndProject
Project("{2150E333-8FDC-42A3-9474-1A3956D46DE8}") = "EmployeeService", "EmployeeService", "{4DC1069F-E76D-30F2-DAEB-438A2ED2D316}"
EndProject
Project("{FAE04EC0-301F-11D3-BF4B-00C04F79EFBC}") = "EmployeeService.Application", "src\EmployeeService\EmployeeService.Application\EmployeeService.Application.csproj", "{B979D6F9-CDB3-47E3-B5ED-72B307FCAA0A}"
EndProject
Project("{FAE04EC0-301F-11D3-BF4B-00C04F79EFBC}") = "EmployeeService.Domain", "src\EmployeeService\EmployeeService.Domain\EmployeeService.Domain.csproj", "{9213E05A-F469-45B8-875D-4EE4A5618FDF}"
EndProject
Project("{FAE04EC0-301F-11D3-BF4B-00C04F79EFBC}") = "EmployeeService.Infrastructure", "src\EmployeeService\EmployeeService.Infrastructure\EmployeeService.Infrastructure.csproj", "{F09E17F5-DD85-4595-BE2C-69F84358B8F2}"
EndProject
Project("{FAE04EC0-301F-11D3-BF4B-00C04F79EFBC}") = "EmployeeService.Presentation", "src\EmployeeService\EmployeeService.Presentation\EmployeeService.Presentation.csproj", "{626C0ED5-3583-71AE-C269-1FA01A83D7BC}"
EndProject
Project("{FAE04EC0-301F-11D3-BF4B-00C04F79EFBC}") = "ApiGateway", "src\ApiGateway\ApiGateway.csproj", "{F1C7641D-1139-43DD-8471-7802EDA16987}"
EndProject
Project("{2150E333-8FDC-42A3-9474-1A3956D46DE8}") = "AuthService", "AuthService", "{0AC8386D-0A34-4D02-A754-3A6638FFF53B}"
EndProject
Project("{FAE04EC0-301F-11D3-BF4B-00C04F79EFBC}") = "AuthService.Presentation", "src\AuthService\AuthService.Presentation\AuthService.Presentation.csproj", "{6F795905-B9C1-40C6-929F-E5759C5B4559}"
EndProject
Project("{FAE04EC0-301F-11D3-BF4B-00C04F79EFBC}") = "AuthService.Application", "src\AuthService\AuthService.Application\AuthService.Application.csproj", "{CC6BAD18-BE31-4D67-BD8F-D94C56191846}"
EndProject
Project("{FAE04EC0-301F-11D3-BF4B-00C04F79EFBC}") = "AuthService.Domain", "src\AuthService\AuthService.Domain\AuthService.Domain.csproj", "{0B7FD093-6F9B-4664-AA66-E28A0B00BF57}"
EndProject
Project("{FAE04EC0-301F-11D3-BF4B-00C04F79EFBC}") = "AuthService.Infrastructure", "src\AuthService\AuthService.Infrastructure\AuthService.Infrastructure.csproj", "{E35C21D5-7375-4EA7-B4FD-7DD0477D6907}"
EndProject
Global
	GlobalSection(SolutionConfigurationPlatforms) = preSolution
		Debug|Any CPU = Debug|Any CPU
		Debug|x64 = Debug|x64
		Debug|x86 = Debug|x86
		Release|Any CPU = Release|Any CPU
		Release|x64 = Release|x64
		Release|x86 = Release|x86
	EndGlobalSection
	GlobalSection(ProjectConfigurationPlatforms) = postSolution
		{5F6CF8BE-8D63-4D44-B039-4FBEC7A29C60}.Debug|Any CPU.ActiveCfg = Debug|Any CPU
		{5F6CF8BE-8D63-4D44-B039-4FBEC7A29C60}.Debug|x64.ActiveCfg = Debug|Any CPU
		{5F6CF8BE-8D63-4D44-B039-4FBEC7A29C60}.Debug|x64.Build.0 = Debug|Any CPU
		{5F6CF8BE-8D63-4D44-B039-4FBEC7A29C60}.Debug|x86.ActiveCfg = Debug|Any CPU
		{5F6CF8BE-8D63-4D44-B039-4FBEC7A29C60}.Debug|x86.Build.0 = Debug|Any CPU
		{5F6CF8BE-8D63-4D44-B039-4FBEC7A29C60}.Release|Any CPU.ActiveCfg = Release|Any CPU
		{5F6CF8BE-8D63-4D44-B039-4FBEC7A29C60}.Release|Any CPU.Build.0 = Release|Any CPU
		{5F6CF8BE-8D63-4D44-B039-4FBEC7A29C60}.Release|x64.ActiveCfg = Release|Any CPU
		{5F6CF8BE-8D63-4D44-B039-4FBEC7A29C60}.Release|x64.Build.0 = Release|Any CPU
		{5F6CF8BE-8D63-4D44-B039-4FBEC7A29C60}.Release|x86.ActiveCfg = Release|Any CPU
		{5F6CF8BE-8D63-4D44-B039-4FBEC7A29C60}.Release|x86.Build.0 = Release|Any CPU
		{BCAE37E9-FBD0-42DE-A37C-A6F0DC5CB856}.Debug|Any CPU.ActiveCfg = Debug|Any CPU
		{BCAE37E9-FBD0-42DE-A37C-A6F0DC5CB856}.Debug|x64.ActiveCfg = Debug|Any CPU
		{BCAE37E9-FBD0-42DE-A37C-A6F0DC5CB856}.Debug|x64.Build.0 = Debug|Any CPU
		{BCAE37E9-FBD0-42DE-A37C-A6F0DC5CB856}.Debug|x86.ActiveCfg = Debug|Any CPU
		{BCAE37E9-FBD0-42DE-A37C-A6F0DC5CB856}.Debug|x86.Build.0 = Debug|Any CPU
		{BCAE37E9-FBD0-42DE-A37C-A6F0DC5CB856}.Release|Any CPU.ActiveCfg = Release|Any CPU
		{BCAE37E9-FBD0-42DE-A37C-A6F0DC5CB856}.Release|Any CPU.Build.0 = Release|Any CPU
		{BCAE37E9-FBD0-42DE-A37C-A6F0DC5CB856}.Release|x64.ActiveCfg = Release|Any CPU
		{BCAE37E9-FBD0-42DE-A37C-A6F0DC5CB856}.Release|x64.Build.0 = Release|Any CPU
		{BCAE37E9-FBD0-42DE-A37C-A6F0DC5CB856}.Release|x86.ActiveCfg = Release|Any CPU
		{BCAE37E9-FBD0-42DE-A37C-A6F0DC5CB856}.Release|x86.Build.0 = Release|Any CPU
		{B979D6F9-CDB3-47E3-B5ED-72B307FCAA0A}.Debug|Any CPU.ActiveCfg = Debug|Any CPU
		{B979D6F9-CDB3-47E3-B5ED-72B307FCAA0A}.Debug|x64.ActiveCfg = Debug|Any CPU
		{B979D6F9-CDB3-47E3-B5ED-72B307FCAA0A}.Debug|x64.Build.0 = Debug|Any CPU
		{B979D6F9-CDB3-47E3-B5ED-72B307FCAA0A}.Debug|x86.ActiveCfg = Debug|Any CPU
		{B979D6F9-CDB3-47E3-B5ED-72B307FCAA0A}.Debug|x86.Build.0 = Debug|Any CPU
		{B979D6F9-CDB3-47E3-B5ED-72B307FCAA0A}.Release|Any CPU.ActiveCfg = Release|Any CPU
		{B979D6F9-CDB3-47E3-B5ED-72B307FCAA0A}.Release|Any CPU.Build.0 = Release|Any CPU
		{B979D6F9-CDB3-47E3-B5ED-72B307FCAA0A}.Release|x64.ActiveCfg = Release|Any CPU
		{B979D6F9-CDB3-47E3-B5ED-72B307FCAA0A}.Release|x64.Build.0 = Release|Any CPU
		{B979D6F9-CDB3-47E3-B5ED-72B307FCAA0A}.Release|x86.ActiveCfg = Release|Any CPU
		{B979D6F9-CDB3-47E3-B5ED-72B307FCAA0A}.Release|x86.Build.0 = Release|Any CPU
		{9213E05A-F469-45B8-875D-4EE4A5618FDF}.Debug|Any CPU.ActiveCfg = Debug|Any CPU
		{9213E05A-F469-45B8-875D-4EE4A5618FDF}.Debug|x64.ActiveCfg = Debug|Any CPU
		{9213E05A-F469-45B8-875D-4EE4A5618FDF}.Debug|x64.Build.0 = Debug|Any CPU
		{9213E05A-F469-45B8-875D-4EE4A5618FDF}.Debug|x86.ActiveCfg = Debug|Any CPU
		{9213E05A-F469-45B8-875D-4EE4A5618FDF}.Debug|x86.Build.0 = Debug|Any CPU
		{9213E05A-F469-45B8-875D-4EE4A5618FDF}.Release|Any CPU.ActiveCfg = Release|Any CPU
		{9213E05A-F469-45B8-875D-4EE4A5618FDF}.Release|Any CPU.Build.0 = Release|Any CPU
		{9213E05A-F469-45B8-875D-4EE4A5618FDF}.Release|x64.ActiveCfg = Release|Any CPU
		{9213E05A-F469-45B8-875D-4EE4A5618FDF}.Release|x64.Build.0 = Release|Any CPU
		{9213E05A-F469-45B8-875D-4EE4A5618FDF}.Release|x86.ActiveCfg = Release|Any CPU
		{9213E05A-F469-45B8-875D-4EE4A5618FDF}.Release|x86.Build.0 = Release|Any CPU
		{F09E17F5-DD85-4595-BE2C-69F84358B8F2}.Debug|Any CPU.ActiveCfg = Debug|Any CPU
		{F09E17F5-DD85-4595-BE2C-69F84358B8F2}.Debug|x64.ActiveCfg = Debug|Any CPU
		{F09E17F5-DD85-4595-BE2C-69F84358B8F2}.Debug|x64.Build.0 = Debug|Any CPU
		{F09E17F5-DD85-4595-BE2C-69F84358B8F2}.Debug|x86.ActiveCfg = Debug|Any CPU
		{F09E17F5-DD85-4595-BE2C-69F84358B8F2}.Debug|x86.Build.0 = Debug|Any CPU
		{F09E17F5-DD85-4595-BE2C-69F84358B8F2}.Release|Any CPU.ActiveCfg = Release|Any CPU
		{F09E17F5-DD85-4595-BE2C-69F84358B8F2}.Release|Any CPU.Build.0 = Release|Any CPU
		{F09E17F5-DD85-4595-BE2C-69F84358B8F2}.Release|x64.ActiveCfg = Release|Any CPU
		{F09E17F5-DD85-4595-BE2C-69F84358B8F2}.Release|x64.Build.0 = Release|Any CPU
		{F09E17F5-DD85-4595-BE2C-69F84358B8F2}.Release|x86.ActiveCfg = Release|Any CPU
		{F09E17F5-DD85-4595-BE2C-69F84358B8F2}.Release|x86.Build.0 = Release|Any CPU
		{626C0ED5-3583-71AE-C269-1FA01A83D7BC}.Debug|Any CPU.ActiveCfg = Debug|Any CPU
		{626C0ED5-3583-71AE-C269-1FA01A83D7BC}.Debug|Any CPU.Build.0 = Debug|Any CPU
		{626C0ED5-3583-71AE-C269-1FA01A83D7BC}.Debug|x64.ActiveCfg = Debug|Any CPU
		{626C0ED5-3583-71AE-C269-1FA01A83D7BC}.Debug|x64.Build.0 = Debug|Any CPU
		{626C0ED5-3583-71AE-C269-1FA01A83D7BC}.Debug|x86.ActiveCfg = Debug|Any CPU
		{626C0ED5-3583-71AE-C269-1FA01A83D7BC}.Debug|x86.Build.0 = Debug|Any CPU
		{626C0ED5-3583-71AE-C269-1FA01A83D7BC}.Release|Any CPU.ActiveCfg = Release|Any CPU
		{626C0ED5-3583-71AE-C269-1FA01A83D7BC}.Release|Any CPU.Build.0 = Release|Any CPU
		{626C0ED5-3583-71AE-C269-1FA01A83D7BC}.Release|x64.ActiveCfg = Release|Any CPU
		{626C0ED5-3583-71AE-C269-1FA01A83D7BC}.Release|x64.Build.0 = Release|Any CPU
		{626C0ED5-3583-71AE-C269-1FA01A83D7BC}.Release|x86.ActiveCfg = Release|Any CPU
		{626C0ED5-3583-71AE-C269-1FA01A83D7BC}.Release|x86.Build.0 = Release|Any CPU
		{F1C7641D-1139-43DD-8471-7802EDA16987}.Debug|Any CPU.ActiveCfg = Debug|Any CPU
		{F1C7641D-1139-43DD-8471-7802EDA16987}.Debug|Any CPU.Build.0 = Debug|Any CPU
		{F1C7641D-1139-43DD-8471-7802EDA16987}.Debug|x64.ActiveCfg = Debug|Any CPU
		{F1C7641D-1139-43DD-8471-7802EDA16987}.Debug|x64.Build.0 = Debug|Any CPU
		{F1C7641D-1139-43DD-8471-7802EDA16987}.Debug|x86.ActiveCfg = Debug|Any CPU
		{F1C7641D-1139-43DD-8471-7802EDA16987}.Debug|x86.Build.0 = Debug|Any CPU
		{F1C7641D-1139-43DD-8471-7802EDA16987}.Release|Any CPU.ActiveCfg = Release|Any CPU
		{F1C7641D-1139-43DD-8471-7802EDA16987}.Release|Any CPU.Build.0 = Release|Any CPU
		{F1C7641D-1139-43DD-8471-7802EDA16987}.Release|x64.ActiveCfg = Release|Any CPU
		{F1C7641D-1139-43DD-8471-7802EDA16987}.Release|x64.Build.0 = Release|Any CPU
		{F1C7641D-1139-43DD-8471-7802EDA16987}.Release|x86.ActiveCfg = Release|Any CPU
		{F1C7641D-1139-43DD-8471-7802EDA16987}.Release|x86.Build.0 = Release|Any CPU
		{6F795905-B9C1-40C6-929F-E5759C5B4559}.Debug|Any CPU.ActiveCfg = Debug|Any CPU
		{6F795905-B9C1-40C6-929F-E5759C5B4559}.Debug|Any CPU.Build.0 = Debug|Any CPU
		{6F795905-B9C1-40C6-929F-E5759C5B4559}.Debug|x64.ActiveCfg = Debug|Any CPU
		{6F795905-B9C1-40C6-929F-E5759C5B4559}.Debug|x64.Build.0 = Debug|Any CPU
		{6F795905-B9C1-40C6-929F-E5759C5B4559}.Debug|x86.ActiveCfg = Debug|Any CPU
		{6F795905-B9C1-40C6-929F-E5759C5B4559}.Debug|x86.Build.0 = Debug|Any CPU
		{6F795905-B9C1-40C6-929F-E5759C5B4559}.Release|Any CPU.ActiveCfg = Release|Any CPU
		{6F795905-B9C1-40C6-929F-E5759C5B4559}.Release|Any CPU.Build.0 = Release|Any CPU
		{6F795905-B9C1-40C6-929F-E5759C5B4559}.Release|x64.ActiveCfg = Release|Any CPU
		{6F795905-B9C1-40C6-929F-E5759C5B4559}.Release|x64.Build.0 = Release|Any CPU
		{6F795905-B9C1-40C6-929F-E5759C5B4559}.Release|x86.ActiveCfg = Release|Any CPU
		{6F795905-B9C1-40C6-929F-E5759C5B4559}.Release|x86.Build.0 = Release|Any CPU
		{CC6BAD18-BE31-4D67-BD8F-D94C56191846}.Debug|Any CPU.ActiveCfg = Debug|Any CPU
		{CC6BAD18-BE31-4D67-BD8F-D94C56191846}.Debug|Any CPU.Build.0 = Debug|Any CPU
		{CC6BAD18-BE31-4D67-BD8F-D94C56191846}.Debug|x64.ActiveCfg = Debug|Any CPU
		{CC6BAD18-BE31-4D67-BD8F-D94C56191846}.Debug|x64.Build.0 = Debug|Any CPU
		{CC6BAD18-BE31-4D67-BD8F-D94C56191846}.Debug|x86.ActiveCfg = Debug|Any CPU
		{CC6BAD18-BE31-4D67-BD8F-D94C56191846}.Debug|x86.Build.0 = Debug|Any CPU
		{CC6BAD18-BE31-4D67-BD8F-D94C56191846}.Release|Any CPU.ActiveCfg = Release|Any CPU
		{CC6BAD18-BE31-4D67-BD8F-D94C56191846}.Release|Any CPU.Build.0 = Release|Any CPU
		{CC6BAD18-BE31-4D67-BD8F-D94C56191846}.Release|x64.ActiveCfg = Release|Any CPU
		{CC6BAD18-BE31-4D67-BD8F-D94C56191846}.Release|x64.Build.0 = Release|Any CPU
		{CC6BAD18-BE31-4D67-BD8F-D94C56191846}.Release|x86.ActiveCfg = Release|Any CPU
		{CC6BAD18-BE31-4D67-BD8F-D94C56191846}.Release|x86.Build.0 = Release|Any CPU
		{0B7FD093-6F9B-4664-AA66-E28A0B00BF57}.Debug|Any CPU.ActiveCfg = Debug|Any CPU
		{0B7FD093-6F9B-4664-AA66-E28A0B00BF57}.Debug|Any CPU.Build.0 = Debug|Any CPU
		{0B7FD093-6F9B-4664-AA66-E28A0B00BF57}.Debug|x64.ActiveCfg = Debug|Any CPU
		{0B7FD093-6F9B-4664-AA66-E28A0B00BF57}.Debug|x64.Build.0 = Debug|Any CPU
		{0B7FD093-6F9B-4664-AA66-E28A0B00BF57}.Debug|x86.ActiveCfg = Debug|Any CPU
		{0B7FD093-6F9B-4664-AA66-E28A0B00BF57}.Debug|x86.Build.0 = Debug|Any CPU
		{0B7FD093-6F9B-4664-AA66-E28A0B00BF57}.Release|Any CPU.ActiveCfg = Release|Any CPU
		{0B7FD093-6F9B-4664-AA66-E28A0B00BF57}.Release|Any CPU.Build.0 = Release|Any CPU
		{0B7FD093-6F9B-4664-AA66-E28A0B00BF57}.Release|x64.ActiveCfg = Release|Any CPU
		{0B7FD093-6F9B-4664-AA66-E28A0B00BF57}.Release|x64.Build.0 = Release|Any CPU
		{0B7FD093-6F9B-4664-AA66-E28A0B00BF57}.Release|x86.ActiveCfg = Release|Any CPU
		{0B7FD093-6F9B-4664-AA66-E28A0B00BF57}.Release|x86.Build.0 = Release|Any CPU
		{E35C21D5-7375-4EA7-B4FD-7DD0477D6907}.Debug|Any CPU.ActiveCfg = Debug|Any CPU
		{E35C21D5-7375-4EA7-B4FD-7DD0477D6907}.Debug|Any CPU.Build.0 = Debug|Any CPU
		{E35C21D5-7375-4EA7-B4FD-7DD0477D6907}.Debug|x64.ActiveCfg = Debug|Any CPU
		{E35C21D5-7375-4EA7-B4FD-7DD0477D6907}.Debug|x64.Build.0 = Debug|Any CPU
		{E35C21D5-7375-4EA7-B4FD-7DD0477D6907}.Debug|x86.ActiveCfg = Debug|Any CPU
		{E35C21D5-7375-4EA7-B4FD-7DD0477D6907}.Debug|x86.Build.0 = Debug|Any CPU
		{E35C21D5-7375-4EA7-B4FD-7DD0477D6907}.Release|Any CPU.ActiveCfg = Release|Any CPU
		{E35C21D5-7375-4EA7-B4FD-7DD0477D6907}.Release|Any CPU.Build.0 = Release|Any CPU
		{E35C21D5-7375-4EA7-B4FD-7DD0477D6907}.Release|x64.ActiveCfg = Release|Any CPU
		{E35C21D5-7375-4EA7-B4FD-7DD0477D6907}.Release|x64.Build.0 = Release|Any CPU
		{E35C21D5-7375-4EA7-B4FD-7DD0477D6907}.Release|x86.ActiveCfg = Release|Any CPU
		{E35C21D5-7375-4EA7-B4FD-7DD0477D6907}.Release|x86.Build.0 = Release|Any CPU
	EndGlobalSection
	GlobalSection(SolutionProperties) = preSolution
		HideSolutionNode = FALSE
	EndGlobalSection
	GlobalSection(NestedProjects) = preSolution
		{5F6CF8BE-8D63-4D44-B039-4FBEC7A29C60} = {827E0CD3-B72D-47B6-A68D-7590B98EB39B}
		{BCAE37E9-FBD0-42DE-A37C-A6F0DC5CB856} = {827E0CD3-B72D-47B6-A68D-7590B98EB39B}
		{4DC1069F-E76D-30F2-DAEB-438A2ED2D316} = {827E0CD3-B72D-47B6-A68D-7590B98EB39B}
		{B979D6F9-CDB3-47E3-B5ED-72B307FCAA0A} = {4DC1069F-E76D-30F2-DAEB-438A2ED2D316}
		{9213E05A-F469-45B8-875D-4EE4A5618FDF} = {4DC1069F-E76D-30F2-DAEB-438A2ED2D316}
		{F09E17F5-DD85-4595-BE2C-69F84358B8F2} = {4DC1069F-E76D-30F2-DAEB-438A2ED2D316}
		{626C0ED5-3583-71AE-C269-1FA01A83D7BC} = {4DC1069F-E76D-30F2-DAEB-438A2ED2D316}
		{F1C7641D-1139-43DD-8471-7802EDA16987} = {827E0CD3-B72D-47B6-A68D-7590B98EB39B}
		{0AC8386D-0A34-4D02-A754-3A6638FFF53B} = {827E0CD3-B72D-47B6-A68D-7590B98EB39B}
		{6F795905-B9C1-40C6-929F-E5759C5B4559} = {0AC8386D-0A34-4D02-A754-3A6638FFF53B}
		{CC6BAD18-BE31-4D67-BD8F-D94C56191846} = {0AC8386D-0A34-4D02-A754-3A6638FFF53B}
		{0B7FD093-6F9B-4664-AA66-E28A0B00BF57} = {0AC8386D-0A34-4D02-A754-3A6638FFF53B}
		{E35C21D5-7375-4EA7-B4FD-7DD0477D6907} = {0AC8386D-0A34-4D02-A754-3A6638FFF53B}
	EndGlobalSection
	GlobalSection(ExtensibilityGlobals) = postSolution
		SolutionGuid = {A5E7A3FC-8B4A-43EE-A479-7914674B5834}
	EndGlobalSection
EndGlobal
